
Microsoft Visual Studio Solution File, Format Version 12.00
# Visual Studio Version 17
VisualStudioVersion = 17.1.31903.286
MinimumVisualStudioVersion = 10.0.40219.1
Project("{9A19103F-16F7-4668-BE54-9A1E7A4F7556}") = "AOC_2021", "AOC_2021.csproj", "{AAD59635-AFC2-4ADF-9223-86B641F6C255}"
EndProject
Global
	GlobalSection(SolutionConfigurationPlatforms) = preSolution
		Debug|Any CPU = Debug|Any CPU
		Release|Any CPU = Release|Any CPU
	EndGlobalSection
	GlobalSection(ProjectConfigurationPlatforms) = postSolution
		{AAD59635-AFC2-4ADF-9223-86B641F6C255}.Debug|Any CPU.ActiveCfg = Debug|Any CPU
		{AAD59635-AFC2-4ADF-9223-86B641F6C255}.Debug|Any CPU.Build.0 = Debug|Any CPU
		{AAD59635-AFC2-4ADF-9223-86B641F6C255}.Release|Any CPU.ActiveCfg = Release|Any CPU
		{AAD59635-AFC2-4ADF-9223-86B641F6C255}.Release|Any CPU.Build.0 = Release|Any CPU
	EndGlobalSection
	GlobalSection(SolutionProperties) = preSolution
		HideSolutionNode = FALSE
	EndGlobalSection
	GlobalSection(ExtensibilityGlobals) = postSolution
		SolutionGuid = {630E2C52-A369-49E4-A980-A46EE771E7A0}
	EndGlobalSection
EndGlobal
